// !$*UTF8*$!
{
	archiveVersion = 1;
	classes = {
	};
	objectVersion = 55;
	objects = {

/* Begin PBXBuildFile section */
		DF470AD9277C7580005A3E10 /* NetworkImageHandlerTests.swift in Sources */ = {isa = PBXBuildFile; fileRef = DF470AD8277C7580005A3E10 /* NetworkImageHandlerTests.swift */; };
		DF470ADE2784DC08005A3E10 /* NetworkSession.swift in Sources */ = {isa = PBXBuildFile; fileRef = DF470ADD2784DC08005A3E10 /* NetworkSession.swift */; };
		DF470AE12784DC85005A3E10 /* NetworkSessionTests.swift in Sources */ = {isa = PBXBuildFile; fileRef = DF470AE02784DC85005A3E10 /* NetworkSessionTests.swift */; };
		DF470AE32785A45C005A3E10 /* NetworkJSONOperation.swift in Sources */ = {isa = PBXBuildFile; fileRef = DF470AE22785A45C005A3E10 /* NetworkJSONOperation.swift */; };
		DF470AE52785A77A005A3E10 /* NetworkJSONOperationTests.swift in Sources */ = {isa = PBXBuildFile; fileRef = DF470AE42785A77A005A3E10 /* NetworkJSONOperationTests.swift */; };
		DF470AE72785BD42005A3E10 /* NetworkImageOperation.swift in Sources */ = {isa = PBXBuildFile; fileRef = DF470AE62785BD42005A3E10 /* NetworkImageOperation.swift */; };
		DF470AE92785C134005A3E10 /* NetworkImageOperationTests.swift in Sources */ = {isa = PBXBuildFile; fileRef = DF470AE82785C134005A3E10 /* NetworkImageOperationTests.swift */; };
		DF470AEB2786ED25005A3E10 /* AlbumsListModel.swift in Sources */ = {isa = PBXBuildFile; fileRef = DF470AEA2786ED25005A3E10 /* AlbumsListModel.swift */; };
		DF470AED2786F7EC005A3E10 /* AlbumsListModelTests.swift in Sources */ = {isa = PBXBuildFile; fileRef = DF470AEC2786F7EC005A3E10 /* AlbumsListModelTests.swift */; };
		DF87D3952774E817009D7393 /* AlbumsApp.swift in Sources */ = {isa = PBXBuildFile; fileRef = DF87D3942774E817009D7393 /* AlbumsApp.swift */; };
		DF87D3972774E817009D7393 /* ContentView.swift in Sources */ = {isa = PBXBuildFile; fileRef = DF87D3962774E817009D7393 /* ContentView.swift */; };
		DF87D3992774E818009D7393 /* Assets.xcassets in Resources */ = {isa = PBXBuildFile; fileRef = DF87D3982774E818009D7393 /* Assets.xcassets */; };
		DF87D39C2774E818009D7393 /* Preview Assets.xcassets in Resources */ = {isa = PBXBuildFile; fileRef = DF87D39B2774E818009D7393 /* Preview Assets.xcassets */; };
		DF87D3A62774E818009D7393 /* AlbumsTests.swift in Sources */ = {isa = PBXBuildFile; fileRef = DF87D3A52774E818009D7393 /* AlbumsTests.swift */; };
		DF87D3B02774E818009D7393 /* AlbumsUITests.swift in Sources */ = {isa = PBXBuildFile; fileRef = DF87D3AF2774E818009D7393 /* AlbumsUITests.swift */; };
		DF87D3B22774E818009D7393 /* AlbumsUITestsLaunchTests.swift in Sources */ = {isa = PBXBuildFile; fileRef = DF87D3B12774E818009D7393 /* AlbumsUITestsLaunchTests.swift */; };
		DF87D3C12774E9EF009D7393 /* NetworkDataHandlerTests.swift in Sources */ = {isa = PBXBuildFile; fileRef = DF87D3C02774E9EF009D7393 /* NetworkDataHandlerTests.swift */; };
		DF87D3C32774EA91009D7393 /* NetworkDataHandler.swift in Sources */ = {isa = PBXBuildFile; fileRef = DF87D3C22774EA91009D7393 /* NetworkDataHandler.swift */; };
		DF87D3C52775FF95009D7393 /* NetworkJSONHandlerTests.swift in Sources */ = {isa = PBXBuildFile; fileRef = DF87D3C42775FF95009D7393 /* NetworkJSONHandlerTests.swift */; };
		DF87D3C72775FFCD009D7393 /* NetworkJSONHandler.swift in Sources */ = {isa = PBXBuildFile; fileRef = DF87D3C62775FFCD009D7393 /* NetworkJSONHandler.swift */; };
		DFDE2428277A1EBE00723867 /* NetworkImageSourceTests.m in Sources */ = {isa = PBXBuildFile; fileRef = DFDE2427277A1EBE00723867 /* NetworkImageSourceTests.m */; };
		DFDE242C277A21E400723867 /* NetworkImageSource.m in Sources */ = {isa = PBXBuildFile; fileRef = DFDE242B277A21E400723867 /* NetworkImageSource.m */; };
		DFDE242F277B9FDC00723867 /* NetworkImageSerialization.swift in Sources */ = {isa = PBXBuildFile; fileRef = DFDE242E277B9FDC00723867 /* NetworkImageSerialization.swift */; };
		DFDE2436277BA4CA00723867 /* NetworkImageSerializationTests.swift in Sources */ = {isa = PBXBuildFile; fileRef = DFDE2435277BA4CA00723867 /* NetworkImageSerializationTests.swift */; };
		DFDE2438277C683300723867 /* NetworkImageHandler.swift in Sources */ = {isa = PBXBuildFile; fileRef = DFDE2437277C683300723867 /* NetworkImageHandler.swift */; };
/* End PBXBuildFile section */

/* Begin PBXContainerItemProxy section */
		DF87D3A22774E818009D7393 /* PBXContainerItemProxy */ = {
			isa = PBXContainerItemProxy;
			containerPortal = DF87D3892774E817009D7393 /* Project object */;
			proxyType = 1;
			remoteGlobalIDString = DF87D3902774E817009D7393;
			remoteInfo = Albums;
		};
		DF87D3AC2774E818009D7393 /* PBXContainerItemProxy */ = {
			isa = PBXContainerItemProxy;
			containerPortal = DF87D3892774E817009D7393 /* Project object */;
			proxyType = 1;
			remoteGlobalIDString = DF87D3902774E817009D7393;
			remoteInfo = Albums;
		};
/* End PBXContainerItemProxy section */

/* Begin PBXFileReference section */
		DF470AD8277C7580005A3E10 /* NetworkImageHandlerTests.swift */ = {isa = PBXFileReference; lastKnownFileType = sourcecode.swift; path = NetworkImageHandlerTests.swift; sourceTree = "<group>"; };
		DF470ADD2784DC08005A3E10 /* NetworkSession.swift */ = {isa = PBXFileReference; lastKnownFileType = sourcecode.swift; path = NetworkSession.swift; sourceTree = "<group>"; };
		DF470AE02784DC85005A3E10 /* NetworkSessionTests.swift */ = {isa = PBXFileReference; lastKnownFileType = sourcecode.swift; path = NetworkSessionTests.swift; sourceTree = "<group>"; };
		DF470AE22785A45C005A3E10 /* NetworkJSONOperation.swift */ = {isa = PBXFileReference; lastKnownFileType = sourcecode.swift; path = NetworkJSONOperation.swift; sourceTree = "<group>"; };
		DF470AE42785A77A005A3E10 /* NetworkJSONOperationTests.swift */ = {isa = PBXFileReference; lastKnownFileType = sourcecode.swift; path = NetworkJSONOperationTests.swift; sourceTree = "<group>"; };
		DF470AE62785BD42005A3E10 /* NetworkImageOperation.swift */ = {isa = PBXFileReference; lastKnownFileType = sourcecode.swift; path = NetworkImageOperation.swift; sourceTree = "<group>"; };
		DF470AE82785C134005A3E10 /* NetworkImageOperationTests.swift */ = {isa = PBXFileReference; lastKnownFileType = sourcecode.swift; path = NetworkImageOperationTests.swift; sourceTree = "<group>"; };
		DF470AEA2786ED25005A3E10 /* AlbumsListModel.swift */ = {isa = PBXFileReference; lastKnownFileType = sourcecode.swift; path = AlbumsListModel.swift; sourceTree = "<group>"; };
		DF470AEC2786F7EC005A3E10 /* AlbumsListModelTests.swift */ = {isa = PBXFileReference; lastKnownFileType = sourcecode.swift; path = AlbumsListModelTests.swift; sourceTree = "<group>"; };
		DF87D3912774E817009D7393 /* Albums.app */ = {isa = PBXFileReference; explicitFileType = wrapper.application; includeInIndex = 0; path = Albums.app; sourceTree = BUILT_PRODUCTS_DIR; };
		DF87D3942774E817009D7393 /* AlbumsApp.swift */ = {isa = PBXFileReference; lastKnownFileType = sourcecode.swift; path = AlbumsApp.swift; sourceTree = "<group>"; };
		DF87D3962774E817009D7393 /* ContentView.swift */ = {isa = PBXFileReference; lastKnownFileType = sourcecode.swift; path = ContentView.swift; sourceTree = "<group>"; };
		DF87D3982774E818009D7393 /* Assets.xcassets */ = {isa = PBXFileReference; lastKnownFileType = folder.assetcatalog; path = Assets.xcassets; sourceTree = "<group>"; };
		DF87D39B2774E818009D7393 /* Preview Assets.xcassets */ = {isa = PBXFileReference; lastKnownFileType = folder.assetcatalog; path = "Preview Assets.xcassets"; sourceTree = "<group>"; };
		DF87D3A12774E818009D7393 /* AlbumsTests.xctest */ = {isa = PBXFileReference; explicitFileType = wrapper.cfbundle; includeInIndex = 0; path = AlbumsTests.xctest; sourceTree = BUILT_PRODUCTS_DIR; };
		DF87D3A52774E818009D7393 /* AlbumsTests.swift */ = {isa = PBXFileReference; lastKnownFileType = sourcecode.swift; path = AlbumsTests.swift; sourceTree = "<group>"; };
		DF87D3AB2774E818009D7393 /* AlbumsUITests.xctest */ = {isa = PBXFileReference; explicitFileType = wrapper.cfbundle; includeInIndex = 0; path = AlbumsUITests.xctest; sourceTree = BUILT_PRODUCTS_DIR; };
		DF87D3AF2774E818009D7393 /* AlbumsUITests.swift */ = {isa = PBXFileReference; lastKnownFileType = sourcecode.swift; path = AlbumsUITests.swift; sourceTree = "<group>"; };
		DF87D3B12774E818009D7393 /* AlbumsUITestsLaunchTests.swift */ = {isa = PBXFileReference; lastKnownFileType = sourcecode.swift; path = AlbumsUITestsLaunchTests.swift; sourceTree = "<group>"; };
		DF87D3C02774E9EF009D7393 /* NetworkDataHandlerTests.swift */ = {isa = PBXFileReference; lastKnownFileType = sourcecode.swift; path = NetworkDataHandlerTests.swift; sourceTree = "<group>"; };
		DF87D3C22774EA91009D7393 /* NetworkDataHandler.swift */ = {isa = PBXFileReference; lastKnownFileType = sourcecode.swift; path = NetworkDataHandler.swift; sourceTree = "<group>"; };
		DF87D3C42775FF95009D7393 /* NetworkJSONHandlerTests.swift */ = {isa = PBXFileReference; lastKnownFileType = sourcecode.swift; path = NetworkJSONHandlerTests.swift; sourceTree = "<group>"; };
		DF87D3C62775FFCD009D7393 /* NetworkJSONHandler.swift */ = {isa = PBXFileReference; lastKnownFileType = sourcecode.swift; path = NetworkJSONHandler.swift; sourceTree = "<group>"; };
		DFDE2427277A1EBE00723867 /* NetworkImageSourceTests.m */ = {isa = PBXFileReference; lastKnownFileType = sourcecode.c.objc; path = NetworkImageSourceTests.m; sourceTree = "<group>"; };
		DFDE2429277A21E300723867 /* Albums-Bridging-Header.h */ = {isa = PBXFileReference; lastKnownFileType = sourcecode.c.h; path = "Albums-Bridging-Header.h"; sourceTree = "<group>"; };
		DFDE242A277A21E400723867 /* NetworkImageSource.h */ = {isa = PBXFileReference; lastKnownFileType = sourcecode.c.h; path = NetworkImageSource.h; sourceTree = "<group>"; };
		DFDE242B277A21E400723867 /* NetworkImageSource.m */ = {isa = PBXFileReference; lastKnownFileType = sourcecode.c.objc; path = NetworkImageSource.m; sourceTree = "<group>"; };
		DFDE242E277B9FDC00723867 /* NetworkImageSerialization.swift */ = {isa = PBXFileReference; lastKnownFileType = sourcecode.swift; path = NetworkImageSerialization.swift; sourceTree = "<group>"; };
		DFDE2435277BA4CA00723867 /* NetworkImageSerializationTests.swift */ = {isa = PBXFileReference; lastKnownFileType = sourcecode.swift; path = NetworkImageSerializationTests.swift; sourceTree = "<group>"; };
		DFDE2437277C683300723867 /* NetworkImageHandler.swift */ = {isa = PBXFileReference; lastKnownFileType = sourcecode.swift; path = NetworkImageHandler.swift; sourceTree = "<group>"; };
/* End PBXFileReference section */

/* Begin PBXFrameworksBuildPhase section */
		DF87D38E2774E817009D7393 /* Frameworks */ = {
			isa = PBXFrameworksBuildPhase;
			buildActionMask = 2147483647;
			files = (
			);
			runOnlyForDeploymentPostprocessing = 0;
		};
		DF87D39E2774E818009D7393 /* Frameworks */ = {
			isa = PBXFrameworksBuildPhase;
			buildActionMask = 2147483647;
			files = (
			);
			runOnlyForDeploymentPostprocessing = 0;
		};
		DF87D3A82774E818009D7393 /* Frameworks */ = {
			isa = PBXFrameworksBuildPhase;
			buildActionMask = 2147483647;
			files = (
			);
			runOnlyForDeploymentPostprocessing = 0;
		};
/* End PBXFrameworksBuildPhase section */

/* Begin PBXGroup section */
		DF87D3882774E817009D7393 = {
			isa = PBXGroup;
			children = (
				DF87D3932774E817009D7393 /* Albums */,
				DF87D3A42774E818009D7393 /* AlbumsTests */,
				DF87D3AE2774E818009D7393 /* AlbumsUITests */,
				DF87D3922774E817009D7393 /* Products */,
			);
			sourceTree = "<group>";
		};
		DF87D3922774E817009D7393 /* Products */ = {
			isa = PBXGroup;
			children = (
				DF87D3912774E817009D7393 /* Albums.app */,
				DF87D3A12774E818009D7393 /* AlbumsTests.xctest */,
				DF87D3AB2774E818009D7393 /* AlbumsUITests.xctest */,
			);
			name = Products;
			sourceTree = "<group>";
		};
		DF87D3932774E817009D7393 /* Albums */ = {
			isa = PBXGroup;
			children = (
				DF87D3942774E817009D7393 /* AlbumsApp.swift */,
				DF87D3C22774EA91009D7393 /* NetworkDataHandler.swift */,
				DF87D3C62775FFCD009D7393 /* NetworkJSONHandler.swift */,
				DFDE2429277A21E300723867 /* Albums-Bridging-Header.h */,
				DFDE242A277A21E400723867 /* NetworkImageSource.h */,
				DFDE242B277A21E400723867 /* NetworkImageSource.m */,
				DFDE242E277B9FDC00723867 /* NetworkImageSerialization.swift */,
				DFDE2437277C683300723867 /* NetworkImageHandler.swift */,
				DF470ADD2784DC08005A3E10 /* NetworkSession.swift */,
				DF470AE22785A45C005A3E10 /* NetworkJSONOperation.swift */,
				DF470AE62785BD42005A3E10 /* NetworkImageOperation.swift */,
				DF470AEA2786ED25005A3E10 /* AlbumsListModel.swift */,
				DF87D3BF2774E8E0009D7393 /* UI */,
				DF87D39A2774E818009D7393 /* Preview Content */,
			);
			path = Albums;
			sourceTree = "<group>";
		};
		DF87D39A2774E818009D7393 /* Preview Content */ = {
			isa = PBXGroup;
			children = (
				DF87D39B2774E818009D7393 /* Preview Assets.xcassets */,
			);
			path = "Preview Content";
			sourceTree = "<group>";
		};
		DF87D3A42774E818009D7393 /* AlbumsTests */ = {
			isa = PBXGroup;
			children = (
				DF87D3A52774E818009D7393 /* AlbumsTests.swift */,
				DF87D3C02774E9EF009D7393 /* NetworkDataHandlerTests.swift */,
				DF87D3C42775FF95009D7393 /* NetworkJSONHandlerTests.swift */,
				DFDE2427277A1EBE00723867 /* NetworkImageSourceTests.m */,
				DFDE2435277BA4CA00723867 /* NetworkImageSerializationTests.swift */,
				DF470AD8277C7580005A3E10 /* NetworkImageHandlerTests.swift */,
				DF470AE02784DC85005A3E10 /* NetworkSessionTests.swift */,
				DF470AE42785A77A005A3E10 /* NetworkJSONOperationTests.swift */,
				DF470AE82785C134005A3E10 /* NetworkImageOperationTests.swift */,
				DF470AEC2786F7EC005A3E10 /* AlbumsListModelTests.swift */,
			);
			path = AlbumsTests;
			sourceTree = "<group>";
		};
		DF87D3AE2774E818009D7393 /* AlbumsUITests */ = {
			isa = PBXGroup;
			children = (
				DF87D3AF2774E818009D7393 /* AlbumsUITests.swift */,
				DF87D3B12774E818009D7393 /* AlbumsUITestsLaunchTests.swift */,
			);
			path = AlbumsUITests;
			sourceTree = "<group>";
		};
		DF87D3BF2774E8E0009D7393 /* UI */ = {
			isa = PBXGroup;
			children = (
				DF87D3982774E818009D7393 /* Assets.xcassets */,
				DF87D3962774E817009D7393 /* ContentView.swift */,
			);
			path = UI;
			sourceTree = "<group>";
		};
/* End PBXGroup section */

/* Begin PBXNativeTarget section */
		DF87D3902774E817009D7393 /* Albums */ = {
			isa = PBXNativeTarget;
			buildConfigurationList = DF87D3B52774E818009D7393 /* Build configuration list for PBXNativeTarget "Albums" */;
			buildPhases = (
				DF87D3BE2774E8BD009D7393 /* SwiftLint */,
				DF87D38D2774E817009D7393 /* Sources */,
				DF87D38E2774E817009D7393 /* Frameworks */,
				DF87D38F2774E817009D7393 /* Resources */,
			);
			buildRules = (
			);
			dependencies = (
			);
			name = Albums;
			productName = Albums;
			productReference = DF87D3912774E817009D7393 /* Albums.app */;
			productType = "com.apple.product-type.application";
		};
		DF87D3A02774E818009D7393 /* AlbumsTests */ = {
			isa = PBXNativeTarget;
			buildConfigurationList = DF87D3B82774E818009D7393 /* Build configuration list for PBXNativeTarget "AlbumsTests" */;
			buildPhases = (
				DF87D39D2774E818009D7393 /* Sources */,
				DF87D39E2774E818009D7393 /* Frameworks */,
				DF87D39F2774E818009D7393 /* Resources */,
			);
			buildRules = (
			);
			dependencies = (
				DF87D3A32774E818009D7393 /* PBXTargetDependency */,
			);
			name = AlbumsTests;
			productName = AlbumsTests;
			productReference = DF87D3A12774E818009D7393 /* AlbumsTests.xctest */;
			productType = "com.apple.product-type.bundle.unit-test";
		};
		DF87D3AA2774E818009D7393 /* AlbumsUITests */ = {
			isa = PBXNativeTarget;
			buildConfigurationList = DF87D3BB2774E818009D7393 /* Build configuration list for PBXNativeTarget "AlbumsUITests" */;
			buildPhases = (
				DF87D3A72774E818009D7393 /* Sources */,
				DF87D3A82774E818009D7393 /* Frameworks */,
				DF87D3A92774E818009D7393 /* Resources */,
			);
			buildRules = (
			);
			dependencies = (
				DF87D3AD2774E818009D7393 /* PBXTargetDependency */,
			);
			name = AlbumsUITests;
			productName = AlbumsUITests;
			productReference = DF87D3AB2774E818009D7393 /* AlbumsUITests.xctest */;
			productType = "com.apple.product-type.bundle.ui-testing";
		};
/* End PBXNativeTarget section */

/* Begin PBXProject section */
		DF87D3892774E817009D7393 /* Project object */ = {
			isa = PBXProject;
			attributes = {
				BuildIndependentTargetsInParallel = 1;
				LastSwiftUpdateCheck = 1320;
				LastUpgradeCheck = 1320;
				TargetAttributes = {
					DF87D3902774E817009D7393 = {
						CreatedOnToolsVersion = 13.2.1;
						LastSwiftMigration = 1320;
					};
					DF87D3A02774E818009D7393 = {
						CreatedOnToolsVersion = 13.2.1;
						LastSwiftMigration = 1320;
						TestTargetID = DF87D3902774E817009D7393;
					};
					DF87D3AA2774E818009D7393 = {
						CreatedOnToolsVersion = 13.2.1;
						TestTargetID = DF87D3902774E817009D7393;
					};
				};
			};
			buildConfigurationList = DF87D38C2774E817009D7393 /* Build configuration list for PBXProject "Albums" */;
			compatibilityVersion = "Xcode 13.0";
			developmentRegion = en;
			hasScannedForEncodings = 0;
			knownRegions = (
				en,
				Base,
			);
			mainGroup = DF87D3882774E817009D7393;
			productRefGroup = DF87D3922774E817009D7393 /* Products */;
			projectDirPath = "";
			projectRoot = "";
			targets = (
				DF87D3902774E817009D7393 /* Albums */,
				DF87D3A02774E818009D7393 /* AlbumsTests */,
				DF87D3AA2774E818009D7393 /* AlbumsUITests */,
			);
		};
/* End PBXProject section */

/* Begin PBXResourcesBuildPhase section */
		DF87D38F2774E817009D7393 /* Resources */ = {
			isa = PBXResourcesBuildPhase;
			buildActionMask = 2147483647;
			files = (
				DF87D39C2774E818009D7393 /* Preview Assets.xcassets in Resources */,
				DF87D3992774E818009D7393 /* Assets.xcassets in Resources */,
			);
			runOnlyForDeploymentPostprocessing = 0;
		};
		DF87D39F2774E818009D7393 /* Resources */ = {
			isa = PBXResourcesBuildPhase;
			buildActionMask = 2147483647;
			files = (
			);
			runOnlyForDeploymentPostprocessing = 0;
		};
		DF87D3A92774E818009D7393 /* Resources */ = {
			isa = PBXResourcesBuildPhase;
			buildActionMask = 2147483647;
			files = (
			);
			runOnlyForDeploymentPostprocessing = 0;
		};
/* End PBXResourcesBuildPhase section */

/* Begin PBXShellScriptBuildPhase section */
		DF87D3BE2774E8BD009D7393 /* SwiftLint */ = {
			isa = PBXShellScriptBuildPhase;
			buildActionMask = 2147483647;
			files = (
			);
			inputFileListPaths = (
			);
			inputPaths = (
			);
			name = SwiftLint;
			outputFileListPaths = (
			);
			outputPaths = (
			);
			runOnlyForDeploymentPostprocessing = 0;
			shellPath = /bin/sh;
			shellScript = "if which swiftlint >/dev/null; then\n    swiftlint autocorrect && swiftlint\nelse\n    echo \"warning: SwiftLint not installed, download from https://github.com/realm/SwiftLint\"\nfi\n";
		};
/* End PBXShellScriptBuildPhase section */

/* Begin PBXSourcesBuildPhase section */
		DF87D38D2774E817009D7393 /* Sources */ = {
			isa = PBXSourcesBuildPhase;
			buildActionMask = 2147483647;
			files = (
				DF87D3972774E817009D7393 /* ContentView.swift in Sources */,
				DFDE2438277C683300723867 /* NetworkImageHandler.swift in Sources */,
				DF87D3C72775FFCD009D7393 /* NetworkJSONHandler.swift in Sources */,
				DFDE242C277A21E400723867 /* NetworkImageSource.m in Sources */,
				DF470AE32785A45C005A3E10 /* NetworkJSONOperation.swift in Sources */,
				DFDE242F277B9FDC00723867 /* NetworkImageSerialization.swift in Sources */,
				DF470AE72785BD42005A3E10 /* NetworkImageOperation.swift in Sources */,
				DF470AEB2786ED25005A3E10 /* AlbumsListModel.swift in Sources */,
				DF470ADE2784DC08005A3E10 /* NetworkSession.swift in Sources */,
				DF87D3952774E817009D7393 /* AlbumsApp.swift in Sources */,
				DF87D3C32774EA91009D7393 /* NetworkDataHandler.swift in Sources */,
			);
			runOnlyForDeploymentPostprocessing = 0;
		};
		DF87D39D2774E818009D7393 /* Sources */ = {
			isa = PBXSourcesBuildPhase;
			buildActionMask = 2147483647;
			files = (
				DF470AE12784DC85005A3E10 /* NetworkSessionTests.swift in Sources */,
				DF470AE92785C134005A3E10 /* NetworkImageOperationTests.swift in Sources */,
				DF470AD9277C7580005A3E10 /* NetworkImageHandlerTests.swift in Sources */,
				DF470AE52785A77A005A3E10 /* NetworkJSONOperationTests.swift in Sources */,
				DFDE2436277BA4CA00723867 /* NetworkImageSerializationTests.swift in Sources */,
				DF470AED2786F7EC005A3E10 /* AlbumsListModelTests.swift in Sources */,
				DF87D3A62774E818009D7393 /* AlbumsTests.swift in Sources */,
				DFDE2428277A1EBE00723867 /* NetworkImageSourceTests.m in Sources */,
				DF87D3C12774E9EF009D7393 /* NetworkDataHandlerTests.swift in Sources */,
				DF87D3C52775FF95009D7393 /* NetworkJSONHandlerTests.swift in Sources */,
			);
			runOnlyForDeploymentPostprocessing = 0;
		};
		DF87D3A72774E818009D7393 /* Sources */ = {
			isa = PBXSourcesBuildPhase;
			buildActionMask = 2147483647;
			files = (
				DF87D3B22774E818009D7393 /* AlbumsUITestsLaunchTests.swift in Sources */,
				DF87D3B02774E818009D7393 /* AlbumsUITests.swift in Sources */,
			);
			runOnlyForDeploymentPostprocessing = 0;
		};
/* End PBXSourcesBuildPhase section */

/* Begin PBXTargetDependency section */
		DF87D3A32774E818009D7393 /* PBXTargetDependency */ = {
			isa = PBXTargetDependency;
			target = DF87D3902774E817009D7393 /* Albums */;
			targetProxy = DF87D3A22774E818009D7393 /* PBXContainerItemProxy */;
		};
		DF87D3AD2774E818009D7393 /* PBXTargetDependency */ = {
			isa = PBXTargetDependency;
			target = DF87D3902774E817009D7393 /* Albums */;
			targetProxy = DF87D3AC2774E818009D7393 /* PBXContainerItemProxy */;
		};
/* End PBXTargetDependency section */

/* Begin XCBuildConfiguration section */
		DF87D3B32774E818009D7393 /* Debug */ = {
			isa = XCBuildConfiguration;
			buildSettings = {
				ALWAYS_SEARCH_USER_PATHS = NO;
				CLANG_ANALYZER_NONNULL = YES;
				CLANG_ANALYZER_NUMBER_OBJECT_CONVERSION = YES_AGGRESSIVE;
				CLANG_CXX_LANGUAGE_STANDARD = "gnu++17";
				CLANG_CXX_LIBRARY = "libc++";
				CLANG_ENABLE_MODULES = YES;
				CLANG_ENABLE_OBJC_ARC = YES;
				CLANG_ENABLE_OBJC_WEAK = YES;
				CLANG_WARN_BLOCK_CAPTURE_AUTORELEASING = YES;
				CLANG_WARN_BOOL_CONVERSION = YES;
				CLANG_WARN_COMMA = YES;
				CLANG_WARN_CONSTANT_CONVERSION = YES;
				CLANG_WARN_DEPRECATED_OBJC_IMPLEMENTATIONS = YES;
				CLANG_WARN_DIRECT_OBJC_ISA_USAGE = YES_ERROR;
				CLANG_WARN_DOCUMENTATION_COMMENTS = YES;
				CLANG_WARN_EMPTY_BODY = YES;
				CLANG_WARN_ENUM_CONVERSION = YES;
				CLANG_WARN_INFINITE_RECURSION = YES;
				CLANG_WARN_INT_CONVERSION = YES;
				CLANG_WARN_NON_LITERAL_NULL_CONVERSION = YES;
				CLANG_WARN_OBJC_IMPLICIT_RETAIN_SELF = YES;
				CLANG_WARN_OBJC_LITERAL_CONVERSION = YES;
				CLANG_WARN_OBJC_ROOT_CLASS = YES_ERROR;
				CLANG_WARN_QUOTED_INCLUDE_IN_FRAMEWORK_HEADER = YES;
				CLANG_WARN_RANGE_LOOP_ANALYSIS = YES;
				CLANG_WARN_STRICT_PROTOTYPES = YES;
				CLANG_WARN_SUSPICIOUS_MOVE = YES;
				CLANG_WARN_UNGUARDED_AVAILABILITY = YES_AGGRESSIVE;
				CLANG_WARN_UNREACHABLE_CODE = YES;
				CLANG_WARN__DUPLICATE_METHOD_MATCH = YES;
				COPY_PHASE_STRIP = NO;
				DEBUG_INFORMATION_FORMAT = dwarf;
				ENABLE_STRICT_OBJC_MSGSEND = YES;
				ENABLE_TESTABILITY = YES;
				GCC_C_LANGUAGE_STANDARD = gnu11;
				GCC_DYNAMIC_NO_PIC = NO;
				GCC_NO_COMMON_BLOCKS = YES;
				GCC_OPTIMIZATION_LEVEL = 0;
				GCC_PREPROCESSOR_DEFINITIONS = (
					"DEBUG=1",
					"$(inherited)",
				);
				GCC_WARN_64_TO_32_BIT_CONVERSION = YES;
				GCC_WARN_ABOUT_RETURN_TYPE = YES_ERROR;
				GCC_WARN_UNDECLARED_SELECTOR = YES;
				GCC_WARN_UNINITIALIZED_AUTOS = YES_AGGRESSIVE;
				GCC_WARN_UNUSED_FUNCTION = YES;
				GCC_WARN_UNUSED_VARIABLE = YES;
				IPHONEOS_DEPLOYMENT_TARGET = 15.2;
				MTL_ENABLE_DEBUG_INFO = INCLUDE_SOURCE;
				MTL_FAST_MATH = YES;
				ONLY_ACTIVE_ARCH = YES;
				SDKROOT = iphoneos;
				SWIFT_ACTIVE_COMPILATION_CONDITIONS = DEBUG;
				SWIFT_OPTIMIZATION_LEVEL = "-Onone";
			};
			name = Debug;
		};
		DF87D3B42774E818009D7393 /* Release */ = {
			isa = XCBuildConfiguration;
			buildSettings = {
				ALWAYS_SEARCH_USER_PATHS = NO;
				CLANG_ANALYZER_NONNULL = YES;
				CLANG_ANALYZER_NUMBER_OBJECT_CONVERSION = YES_AGGRESSIVE;
				CLANG_CXX_LANGUAGE_STANDARD = "gnu++17";
				CLANG_CXX_LIBRARY = "libc++";
				CLANG_ENABLE_MODULES = YES;
				CLANG_ENABLE_OBJC_ARC = YES;
				CLANG_ENABLE_OBJC_WEAK = YES;
				CLANG_WARN_BLOCK_CAPTURE_AUTORELEASING = YES;
				CLANG_WARN_BOOL_CONVERSION = YES;
				CLANG_WARN_COMMA = YES;
				CLANG_WARN_CONSTANT_CONVERSION = YES;
				CLANG_WARN_DEPRECATED_OBJC_IMPLEMENTATIONS = YES;
				CLANG_WARN_DIRECT_OBJC_ISA_USAGE = YES_ERROR;
				CLANG_WARN_DOCUMENTATION_COMMENTS = YES;
				CLANG_WARN_EMPTY_BODY = YES;
				CLANG_WARN_ENUM_CONVERSION = YES;
				CLANG_WARN_INFINITE_RECURSION = YES;
				CLANG_WARN_INT_CONVERSION = YES;
				CLANG_WARN_NON_LITERAL_NULL_CONVERSION = YES;
				CLANG_WARN_OBJC_IMPLICIT_RETAIN_SELF = YES;
				CLANG_WARN_OBJC_LITERAL_CONVERSION = YES;
				CLANG_WARN_OBJC_ROOT_CLASS = YES_ERROR;
				CLANG_WARN_QUOTED_INCLUDE_IN_FRAMEWORK_HEADER = YES;
				CLANG_WARN_RANGE_LOOP_ANALYSIS = YES;
				CLANG_WARN_STRICT_PROTOTYPES = YES;
				CLANG_WARN_SUSPICIOUS_MOVE = YES;
				CLANG_WARN_UNGUARDED_AVAILABILITY = YES_AGGRESSIVE;
				CLANG_WARN_UNREACHABLE_CODE = YES;
				CLANG_WARN__DUPLICATE_METHOD_MATCH = YES;
				COPY_PHASE_STRIP = NO;
				DEBUG_INFORMATION_FORMAT = "dwarf-with-dsym";
				ENABLE_NS_ASSERTIONS = NO;
				ENABLE_STRICT_OBJC_MSGSEND = YES;
				GCC_C_LANGUAGE_STANDARD = gnu11;
				GCC_NO_COMMON_BLOCKS = YES;
				GCC_WARN_64_TO_32_BIT_CONVERSION = YES;
				GCC_WARN_ABOUT_RETURN_TYPE = YES_ERROR;
				GCC_WARN_UNDECLARED_SELECTOR = YES;
				GCC_WARN_UNINITIALIZED_AUTOS = YES_AGGRESSIVE;
				GCC_WARN_UNUSED_FUNCTION = YES;
				GCC_WARN_UNUSED_VARIABLE = YES;
				IPHONEOS_DEPLOYMENT_TARGET = 15.2;
				MTL_ENABLE_DEBUG_INFO = NO;
				MTL_FAST_MATH = YES;
				SDKROOT = iphoneos;
				SWIFT_COMPILATION_MODE = wholemodule;
				SWIFT_OPTIMIZATION_LEVEL = "-O";
				VALIDATE_PRODUCT = YES;
			};
			name = Release;
		};
		DF87D3B62774E818009D7393 /* Debug */ = {
			isa = XCBuildConfiguration;
			buildSettings = {
				ASSETCATALOG_COMPILER_APPICON_NAME = AppIcon;
				ASSETCATALOG_COMPILER_GLOBAL_ACCENT_COLOR_NAME = AccentColor;
				CLANG_ENABLE_MODULES = YES;
				CODE_SIGN_STYLE = Automatic;
				CURRENT_PROJECT_VERSION = 1;
				DEVELOPMENT_ASSET_PATHS = "\"Albums/Preview Content\"";
				DEVELOPMENT_TEAM = 3H9LYTUKJE;
				ENABLE_PREVIEWS = YES;
				GENERATE_INFOPLIST_FILE = YES;
				INFOPLIST_KEY_UIApplicationSceneManifest_Generation = YES;
				INFOPLIST_KEY_UIApplicationSupportsIndirectInputEvents = YES;
				INFOPLIST_KEY_UILaunchScreen_Generation = YES;
				INFOPLIST_KEY_UISupportedInterfaceOrientations_iPad = "UIInterfaceOrientationPortrait UIInterfaceOrientationPortraitUpsideDown UIInterfaceOrientationLandscapeLeft UIInterfaceOrientationLandscapeRight";
				INFOPLIST_KEY_UISupportedInterfaceOrientations_iPhone = "UIInterfaceOrientationPortrait UIInterfaceOrientationLandscapeLeft UIInterfaceOrientationLandscapeRight";
				LD_RUNPATH_SEARCH_PATHS = (
					"$(inherited)",
					"@executable_path/Frameworks",
				);
				MARKETING_VERSION = 1.0;
				PRODUCT_BUNDLE_IDENTIFIER = de.sportfloh.Albums;
				PRODUCT_NAME = "$(TARGET_NAME)";
				SWIFT_EMIT_LOC_STRINGS = YES;
				SWIFT_OBJC_BRIDGING_HEADER = "Albums/Albums-Bridging-Header.h";
				SWIFT_OPTIMIZATION_LEVEL = "-Onone";
				SWIFT_VERSION = 5.0;
				TARGETED_DEVICE_FAMILY = "1,2";
			};
			name = Debug;
		};
		DF87D3B72774E818009D7393 /* Release */ = {
			isa = XCBuildConfiguration;
			buildSettings = {
				ASSETCATALOG_COMPILER_APPICON_NAME = AppIcon;
				ASSETCATALOG_COMPILER_GLOBAL_ACCENT_COLOR_NAME = AccentColor;
				CLANG_ENABLE_MODULES = YES;
				CODE_SIGN_STYLE = Automatic;
				CURRENT_PROJECT_VERSION = 1;
				DEVELOPMENT_ASSET_PATHS = "\"Albums/Preview Content\"";
				DEVELOPMENT_TEAM = 3H9LYTUKJE;
				ENABLE_PREVIEWS = YES;
				GENERATE_INFOPLIST_FILE = YES;
				INFOPLIST_KEY_UIApplicationSceneManifest_Generation = YES;
				INFOPLIST_KEY_UIApplicationSupportsIndirectInputEvents = YES;
				INFOPLIST_KEY_UILaunchScreen_Generation = YES;
				INFOPLIST_KEY_UISupportedInterfaceOrientations_iPad = "UIInterfaceOrientationPortrait UIInterfaceOrientationPortraitUpsideDown UIInterfaceOrientationLandscapeLeft UIInterfaceOrientationLandscapeRight";
				INFOPLIST_KEY_UISupportedInterfaceOrientations_iPhone = "UIInterfaceOrientationPortrait UIInterfaceOrientationLandscapeLeft UIInterfaceOrientationLandscapeRight";
				LD_RUNPATH_SEARCH_PATHS = (
					"$(inherited)",
					"@executable_path/Frameworks",
				);
				MARKETING_VERSION = 1.0;
				PRODUCT_BUNDLE_IDENTIFIER = de.sportfloh.Albums;
				PRODUCT_NAME = "$(TARGET_NAME)";
				SWIFT_EMIT_LOC_STRINGS = YES;
				SWIFT_OBJC_BRIDGING_HEADER = "Albums/Albums-Bridging-Header.h";
				SWIFT_VERSION = 5.0;
				TARGETED_DEVICE_FAMILY = "1,2";
			};
			name = Release;
		};
		DF87D3B92774E818009D7393 /* Debug */ = {
			isa = XCBuildConfiguration;
			buildSettings = {
				ALWAYS_EMBED_SWIFT_STANDARD_LIBRARIES = YES;
				BUNDLE_LOADER = "$(TEST_HOST)";
				CLANG_ENABLE_MODULES = YES;
				CODE_SIGN_STYLE = Automatic;
				CURRENT_PROJECT_VERSION = 1;
				DEVELOPMENT_TEAM = 3H9LYTUKJE;
				GENERATE_INFOPLIST_FILE = YES;
				IPHONEOS_DEPLOYMENT_TARGET = 15.2;
				LD_RUNPATH_SEARCH_PATHS = (
					"$(inherited)",
					"@executable_path/Frameworks",
					"@loader_path/Frameworks",
				);
				MARKETING_VERSION = 1.0;
				PRODUCT_BUNDLE_IDENTIFIER = de.sportfloh.AlbumsTests;
				PRODUCT_NAME = "$(TARGET_NAME)";
				SWIFT_EMIT_LOC_STRINGS = NO;
				SWIFT_OBJC_BRIDGING_HEADER = "Albums/Albums-Bridging-Header.h";
				SWIFT_OPTIMIZATION_LEVEL = "-Onone";
				SWIFT_VERSION = 5.0;
				TARGETED_DEVICE_FAMILY = "1,2";
				TEST_HOST = "$(BUILT_PRODUCTS_DIR)/Albums.app/Albums";
			};
			name = Debug;
		};
		DF87D3BA2774E818009D7393 /* Release */ = {
			isa = XCBuildConfiguration;
			buildSettings = {
				ALWAYS_EMBED_SWIFT_STANDARD_LIBRARIES = YES;
				BUNDLE_LOADER = "$(TEST_HOST)";
				CLANG_ENABLE_MODULES = YES;
				CODE_SIGN_STYLE = Automatic;
				CURRENT_PROJECT_VERSION = 1;
				DEVELOPMENT_TEAM = 3H9LYTUKJE;
				GENERATE_INFOPLIST_FILE = YES;
				IPHONEOS_DEPLOYMENT_TARGET = 15.2;
				LD_RUNPATH_SEARCH_PATHS = (
					"$(inherited)",
					"@executable_path/Frameworks",
					"@loader_path/Frameworks",
				);
				MARKETING_VERSION = 1.0;
				PRODUCT_BUNDLE_IDENTIFIER = de.sportfloh.AlbumsTests;
				PRODUCT_NAME = "$(TARGET_NAME)";
				SWIFT_EMIT_LOC_STRINGS = NO;
				SWIFT_OBJC_BRIDGING_HEADER = "Albums/Albums-Bridging-Header.h";
				SWIFT_VERSION = 5.0;
				TARGETED_DEVICE_FAMILY = "1,2";
				TEST_HOST = "$(BUILT_PRODUCTS_DIR)/Albums.app/Albums";
			};
			name = Release;
		};
		DF87D3BC2774E818009D7393 /* Debug */ = {
			isa = XCBuildConfiguration;
			buildSettings = {
				ALWAYS_EMBED_SWIFT_STANDARD_LIBRARIES = YES;
				CODE_SIGN_STYLE = Automatic;
				CURRENT_PROJECT_VERSION = 1;
				DEVELOPMENT_TEAM = 3H9LYTUKJE;
				GENERATE_INFOPLIST_FILE = YES;
				MARKETING_VERSION = 1.0;
				PRODUCT_BUNDLE_IDENTIFIER = de.sportfloh.AlbumsUITests;
				PRODUCT_NAME = "$(TARGET_NAME)";
				SWIFT_EMIT_LOC_STRINGS = NO;
				SWIFT_VERSION = 5.0;
				TARGETED_DEVICE_FAMILY = "1,2";
				TEST_TARGET_NAME = Albums;
			};
			name = Debug;
		};
		DF87D3BD2774E818009D7393 /* Release */ = {
			isa = XCBuildConfiguration;
			buildSettings = {
				ALWAYS_EMBED_SWIFT_STANDARD_LIBRARIES = YES;
				CODE_SIGN_STYLE = Automatic;
				CURRENT_PROJECT_VERSION = 1;
				DEVELOPMENT_TEAM = 3H9LYTUKJE;
				GENERATE_INFOPLIST_FILE = YES;
				MARKETING_VERSION = 1.0;
				PRODUCT_BUNDLE_IDENTIFIER = de.sportfloh.AlbumsUITests;
				PRODUCT_NAME = "$(TARGET_NAME)";
				SWIFT_EMIT_LOC_STRINGS = NO;
				SWIFT_VERSION = 5.0;
				TARGETED_DEVICE_FAMILY = "1,2";
				TEST_TARGET_NAME = Albums;
			};
			name = Release;
		};
/* End XCBuildConfiguration section */

/* Begin XCConfigurationList section */
		DF87D38C2774E817009D7393 /* Build configuration list for PBXProject "Albums" */ = {
			isa = XCConfigurationList;
			buildConfigurations = (
				DF87D3B32774E818009D7393 /* Debug */,
				DF87D3B42774E818009D7393 /* Release */,
			);
			defaultConfigurationIsVisible = 0;
			defaultConfigurationName = Release;
		};
		DF87D3B52774E818009D7393 /* Build configuration list for PBXNativeTarget "Albums" */ = {
			isa = XCConfigurationList;
			buildConfigurations = (
				DF87D3B62774E818009D7393 /* Debug */,
				DF87D3B72774E818009D7393 /* Release */,
			);
			defaultConfigurationIsVisible = 0;
			defaultConfigurationName = Release;
		};
		DF87D3B82774E818009D7393 /* Build configuration list for PBXNativeTarget "AlbumsTests" */ = {
			isa = XCConfigurationList;
			buildConfigurations = (
				DF87D3B92774E818009D7393 /* Debug */,
				DF87D3BA2774E818009D7393 /* Release */,
			);
			defaultConfigurationIsVisible = 0;
			defaultConfigurationName = Release;
		};
		DF87D3BB2774E818009D7393 /* Build configuration list for PBXNativeTarget "AlbumsUITests" */ = {
			isa = XCConfigurationList;
			buildConfigurations = (
				DF87D3BC2774E818009D7393 /* Debug */,
				DF87D3BD2774E818009D7393 /* Release */,
			);
			defaultConfigurationIsVisible = 0;
			defaultConfigurationName = Release;
		};
/* End XCConfigurationList section */
	};
	rootObject = DF87D3892774E817009D7393 /* Project object */;
}
